
Microsoft Visual Studio Solution File, Format Version 12.00
# Visual Studio Version 17
VisualStudioVersion = 17.4.33205.214
MinimumVisualStudioVersion = 10.0.40219.1
Project("{FAE04EC0-301F-11D3-BF4B-00C04F79EFBC}") = "arrays", "arrays\arrays.csproj", "{63284861-9E86-4D28-891C-DD73680680DE}"
EndProject
Global
	GlobalSection(SolutionConfigurationPlatforms) = preSolution
		Debug|Any CPU = Debug|Any CPU
		Release|Any CPU = Release|Any CPU
	EndGlobalSection
	GlobalSection(ProjectConfigurationPlatforms) = postSolution
		{63284861-9E86-4D28-891C-DD73680680DE}.Debug|Any CPU.ActiveCfg = Debug|Any CPU
		{63284861-9E86-4D28-891C-DD73680680DE}.Debug|Any CPU.Build.0 = Debug|Any CPU
		{63284861-9E86-4D28-891C-DD73680680DE}.Release|Any CPU.ActiveCfg = Release|Any CPU
		{63284861-9E86-4D28-891C-DD73680680DE}.Release|Any CPU.Build.0 = Release|Any CPU
	EndGlobalSection
	GlobalSection(SolutionProperties) = preSolution
		HideSolutionNode = FALSE
	EndGlobalSection
	GlobalSection(ExtensibilityGlobals) = postSolution
		SolutionGuid = {5CFBD5A9-A3A0-4A18-BF74-D5757D001FFD}
	EndGlobalSection
EndGlobal
